
Microsoft Visual Studio Solution File, Format Version 12.00
# Visual Studio Version 17
VisualStudioVersion = 17.9.34622.214
MinimumVisualStudioVersion = 10.0.40219.1
Project("{2150E333-8FDC-42A3-9474-1A3956D46DE8}") = "01.MDP.BlazorCore", "01.MDP.BlazorCore", "{53E4E0E3-D237-49F1-A4FE-11574529B62F}"
EndProject
Project("{9A19103F-16F7-4668-BE54-9A1E7A4F7556}") = "MDP.BlazorCore", "MDP.BlazorCore\MDP.BlazorCore.csproj", "{849F4637-1584-4D62-9270-305A47E757A7}"
EndProject
Project("{9A19103F-16F7-4668-BE54-9A1E7A4F7556}") = "MDP.BlazorCore.Lab", "MDP.BlazorCore.Lab\MDP.BlazorCore.Lab.csproj", "{42C425E6-72E6-4766-94CE-6039307BD06A}"
EndProject
Project("{9A19103F-16F7-4668-BE54-9A1E7A4F7556}") = "MDP.BlazorCore.Maui", "MDP.BlazorCore.Maui\MDP.BlazorCore.Maui.csproj", "{6A56FE0E-A985-4A5C-AEC1-3637E5EFEDC4}"
EndProject
Project("{9A19103F-16F7-4668-BE54-9A1E7A4F7556}") = "MDP.BlazorCore.Maui.Lab", "MDP.BlazorCore.Maui.Lab\MDP.BlazorCore.Maui.Lab.csproj", "{C648DADD-9605-4E7B-8142-C127D5690D73}"
EndProject
Project("{9A19103F-16F7-4668-BE54-9A1E7A4F7556}") = "MDP.BlazorCore.Web", "MDP.BlazorCore.Web\MDP.BlazorCore.Web.csproj", "{87015C6A-237C-44E1-A00E-49BAA2A858E5}"
EndProject
Project("{9A19103F-16F7-4668-BE54-9A1E7A4F7556}") = "MDP.BlazorCore.Web.Lab", "MDP.BlazorCore.Web.Lab\MDP.BlazorCore.Web.Lab.csproj", "{0A80FD5D-416E-4DE8-A45C-58FF7D041522}"
EndProject
Project("{2150E333-8FDC-42A3-9474-1A3956D46DE8}") = "02.MDP.BlazorCore.Authentication", "02.MDP.BlazorCore.Authentication", "{A76EE921-CFC6-4FFC-A90D-73B2CCE47EAD}"
EndProject
Project("{9A19103F-16F7-4668-BE54-9A1E7A4F7556}") = "MDP.BlazorCore.Authentication.Lab", "MDP.BlazorCore.Authentication.Lab\MDP.BlazorCore.Authentication.Lab.csproj", "{11750147-150E-4D34-AD8A-483E1ABE5B51}"
EndProject
Project("{9A19103F-16F7-4668-BE54-9A1E7A4F7556}") = "MDP.BlazorCore.Authentication.Web.Lab", "MDP.BlazorCore.Authentication.Web.Lab\MDP.BlazorCore.Authentication.Web.Lab.csproj", "{B32C3519-5627-46C0-8DEC-23E9535E50C4}"
EndProject
Project("{9A19103F-16F7-4668-BE54-9A1E7A4F7556}") = "MDP.BlazorCore.Authentication.Web", "MDP.BlazorCore.Authentication.Web\MDP.BlazorCore.Authentication.Web.csproj", "{8556BCFB-AAA3-40E5-AF4B-2213C512D3DB}"
EndProject
Project("{9A19103F-16F7-4668-BE54-9A1E7A4F7556}") = "MDP.BlazorCore.Authentication.Maui", "MDP.BlazorCore.Authentication.Maui\MDP.BlazorCore.Authentication.Maui.csproj", "{3D3F842C-526B-4B59-95CC-A9D5FEF7DF17}"
EndProject
Project("{9A19103F-16F7-4668-BE54-9A1E7A4F7556}") = "MDP.BlazorCore.Authentication.Maui.Lab", "MDP.BlazorCore.Authentication.Maui.Lab\MDP.BlazorCore.Authentication.Maui.Lab.csproj", "{7F0D4FD7-2CEA-40AB-95AB-F9BBFA6ADB69}"
EndProject
Project("{9A19103F-16F7-4668-BE54-9A1E7A4F7556}") = "MDP.BlazorCore.Authentication", "MDP.BlazorCore.Authentication\MDP.BlazorCore.Authentication.csproj", "{3DF17C54-0E33-4A92-B5B8-1EFCE9DAA18A}"
EndProject
Project("{2150E333-8FDC-42A3-9474-1A3956D46DE8}") = "03.MDP.BlazorCore.Authorization", "03.MDP.BlazorCore.Authorization", "{6E9808A3-8B16-40D3-8A42-872D6D2F2B32}"
EndProject
Project("{9A19103F-16F7-4668-BE54-9A1E7A4F7556}") = "MDP.BlazorCore.Authorization", "MDP.BlazorCore.Authorization\MDP.BlazorCore.Authorization.csproj", "{F7741829-73CD-463B-AD6F-2919D952CECD}"
EndProject
Project("{9A19103F-16F7-4668-BE54-9A1E7A4F7556}") = "MDP.BlazorCore.Authorization.Lab", "MDP.BlazorCore.Authorization.Lab\MDP.BlazorCore.Authorization.Lab.csproj", "{28CBC88D-C592-49C1-AABB-321164EBE930}"
EndProject
Project("{9A19103F-16F7-4668-BE54-9A1E7A4F7556}") = "MDP.BlazorCore.Authorization.Web", "MDP.BlazorCore.Authorization.Web\MDP.BlazorCore.Authorization.Web.csproj", "{5205E55B-5416-4860-BFEB-540D02CD1C1F}"
EndProject
Project("{9A19103F-16F7-4668-BE54-9A1E7A4F7556}") = "MDP.BlazorCore.Authorization.Web.Lab", "MDP.BlazorCore.Authorization.Web.Lab\MDP.BlazorCore.Authorization.Web.Lab.csproj", "{3D2AA0EC-11E6-44B5-8465-9F49C8354DA6}"
EndProject
Project("{9A19103F-16F7-4668-BE54-9A1E7A4F7556}") = "MDP.BlazorCore.Authorization.Maui", "MDP.BlazorCore.Authorization.Maui\MDP.BlazorCore.Authorization.Maui.csproj", "{62034AFE-F97B-47EA-BC6F-4386BC20B806}"
EndProject
Project("{9A19103F-16F7-4668-BE54-9A1E7A4F7556}") = "MDP.BlazorCore.Authorization.Maui.Lab", "MDP.BlazorCore.Authorization.Maui.Lab\MDP.BlazorCore.Authorization.Maui.Lab.csproj", "{ECF72FD9-3AC3-410D-A8E4-C0CE64273A5C}"
EndProject
Global
	GlobalSection(SolutionConfigurationPlatforms) = preSolution
		Debug|Any CPU = Debug|Any CPU
		Release|Any CPU = Release|Any CPU
	EndGlobalSection
	GlobalSection(ProjectConfigurationPlatforms) = postSolution
		{849F4637-1584-4D62-9270-305A47E757A7}.Debug|Any CPU.ActiveCfg = Debug|Any CPU
		{849F4637-1584-4D62-9270-305A47E757A7}.Debug|Any CPU.Build.0 = Debug|Any CPU
		{849F4637-1584-4D62-9270-305A47E757A7}.Release|Any CPU.ActiveCfg = Release|Any CPU
		{849F4637-1584-4D62-9270-305A47E757A7}.Release|Any CPU.Build.0 = Release|Any CPU
		{42C425E6-72E6-4766-94CE-6039307BD06A}.Debug|Any CPU.ActiveCfg = Debug|Any CPU
		{42C425E6-72E6-4766-94CE-6039307BD06A}.Debug|Any CPU.Build.0 = Debug|Any CPU
		{42C425E6-72E6-4766-94CE-6039307BD06A}.Release|Any CPU.ActiveCfg = Release|Any CPU
		{42C425E6-72E6-4766-94CE-6039307BD06A}.Release|Any CPU.Build.0 = Release|Any CPU
		{6A56FE0E-A985-4A5C-AEC1-3637E5EFEDC4}.Debug|Any CPU.ActiveCfg = Debug|Any CPU
		{6A56FE0E-A985-4A5C-AEC1-3637E5EFEDC4}.Debug|Any CPU.Build.0 = Debug|Any CPU
		{6A56FE0E-A985-4A5C-AEC1-3637E5EFEDC4}.Release|Any CPU.ActiveCfg = Release|Any CPU
		{6A56FE0E-A985-4A5C-AEC1-3637E5EFEDC4}.Release|Any CPU.Build.0 = Release|Any CPU
		{C648DADD-9605-4E7B-8142-C127D5690D73}.Debug|Any CPU.ActiveCfg = Debug|Any CPU
		{C648DADD-9605-4E7B-8142-C127D5690D73}.Debug|Any CPU.Build.0 = Debug|Any CPU
		{C648DADD-9605-4E7B-8142-C127D5690D73}.Debug|Any CPU.Deploy.0 = Debug|Any CPU
		{C648DADD-9605-4E7B-8142-C127D5690D73}.Release|Any CPU.ActiveCfg = Release|Any CPU
		{C648DADD-9605-4E7B-8142-C127D5690D73}.Release|Any CPU.Build.0 = Release|Any CPU
		{C648DADD-9605-4E7B-8142-C127D5690D73}.Release|Any CPU.Deploy.0 = Release|Any CPU
		{87015C6A-237C-44E1-A00E-49BAA2A858E5}.Debug|Any CPU.ActiveCfg = Debug|Any CPU
		{87015C6A-237C-44E1-A00E-49BAA2A858E5}.Debug|Any CPU.Build.0 = Debug|Any CPU
		{87015C6A-237C-44E1-A00E-49BAA2A858E5}.Release|Any CPU.ActiveCfg = Release|Any CPU
		{87015C6A-237C-44E1-A00E-49BAA2A858E5}.Release|Any CPU.Build.0 = Release|Any CPU
		{0A80FD5D-416E-4DE8-A45C-58FF7D041522}.Debug|Any CPU.ActiveCfg = Debug|Any CPU
		{0A80FD5D-416E-4DE8-A45C-58FF7D041522}.Debug|Any CPU.Build.0 = Debug|Any CPU
		{0A80FD5D-416E-4DE8-A45C-58FF7D041522}.Release|Any CPU.ActiveCfg = Release|Any CPU
		{0A80FD5D-416E-4DE8-A45C-58FF7D041522}.Release|Any CPU.Build.0 = Release|Any CPU
		{11750147-150E-4D34-AD8A-483E1ABE5B51}.Debug|Any CPU.ActiveCfg = Debug|Any CPU
		{11750147-150E-4D34-AD8A-483E1ABE5B51}.Debug|Any CPU.Build.0 = Debug|Any CPU
		{11750147-150E-4D34-AD8A-483E1ABE5B51}.Release|Any CPU.ActiveCfg = Release|Any CPU
		{11750147-150E-4D34-AD8A-483E1ABE5B51}.Release|Any CPU.Build.0 = Release|Any CPU
		{B32C3519-5627-46C0-8DEC-23E9535E50C4}.Debug|Any CPU.ActiveCfg = Debug|Any CPU
		{B32C3519-5627-46C0-8DEC-23E9535E50C4}.Debug|Any CPU.Build.0 = Debug|Any CPU
		{B32C3519-5627-46C0-8DEC-23E9535E50C4}.Release|Any CPU.ActiveCfg = Release|Any CPU
		{B32C3519-5627-46C0-8DEC-23E9535E50C4}.Release|Any CPU.Build.0 = Release|Any CPU
		{8556BCFB-AAA3-40E5-AF4B-2213C512D3DB}.Debug|Any CPU.ActiveCfg = Debug|Any CPU
		{8556BCFB-AAA3-40E5-AF4B-2213C512D3DB}.Debug|Any CPU.Build.0 = Debug|Any CPU
		{8556BCFB-AAA3-40E5-AF4B-2213C512D3DB}.Release|Any CPU.ActiveCfg = Release|Any CPU
		{8556BCFB-AAA3-40E5-AF4B-2213C512D3DB}.Release|Any CPU.Build.0 = Release|Any CPU
		{3D3F842C-526B-4B59-95CC-A9D5FEF7DF17}.Debug|Any CPU.ActiveCfg = Debug|Any CPU
		{3D3F842C-526B-4B59-95CC-A9D5FEF7DF17}.Debug|Any CPU.Build.0 = Debug|Any CPU
		{3D3F842C-526B-4B59-95CC-A9D5FEF7DF17}.Release|Any CPU.ActiveCfg = Release|Any CPU
		{3D3F842C-526B-4B59-95CC-A9D5FEF7DF17}.Release|Any CPU.Build.0 = Release|Any CPU
		{7F0D4FD7-2CEA-40AB-95AB-F9BBFA6ADB69}.Debug|Any CPU.ActiveCfg = Debug|Any CPU
		{7F0D4FD7-2CEA-40AB-95AB-F9BBFA6ADB69}.Debug|Any CPU.Build.0 = Debug|Any CPU
		{7F0D4FD7-2CEA-40AB-95AB-F9BBFA6ADB69}.Debug|Any CPU.Deploy.0 = Debug|Any CPU
		{7F0D4FD7-2CEA-40AB-95AB-F9BBFA6ADB69}.Release|Any CPU.ActiveCfg = Release|Any CPU
		{7F0D4FD7-2CEA-40AB-95AB-F9BBFA6ADB69}.Release|Any CPU.Build.0 = Release|Any CPU
		{7F0D4FD7-2CEA-40AB-95AB-F9BBFA6ADB69}.Release|Any CPU.Deploy.0 = Release|Any CPU
		{3DF17C54-0E33-4A92-B5B8-1EFCE9DAA18A}.Debug|Any CPU.ActiveCfg = Debug|Any CPU
		{3DF17C54-0E33-4A92-B5B8-1EFCE9DAA18A}.Debug|Any CPU.Build.0 = Debug|Any CPU
		{3DF17C54-0E33-4A92-B5B8-1EFCE9DAA18A}.Release|Any CPU.ActiveCfg = Release|Any CPU
		{3DF17C54-0E33-4A92-B5B8-1EFCE9DAA18A}.Release|Any CPU.Build.0 = Release|Any CPU
		{F7741829-73CD-463B-AD6F-2919D952CECD}.Debug|Any CPU.ActiveCfg = Debug|Any CPU
		{F7741829-73CD-463B-AD6F-2919D952CECD}.Debug|Any CPU.Build.0 = Debug|Any CPU
		{F7741829-73CD-463B-AD6F-2919D952CECD}.Release|Any CPU.ActiveCfg = Release|Any CPU
		{F7741829-73CD-463B-AD6F-2919D952CECD}.Release|Any CPU.Build.0 = Release|Any CPU
		{28CBC88D-C592-49C1-AABB-321164EBE930}.Debug|Any CPU.ActiveCfg = Debug|Any CPU
		{28CBC88D-C592-49C1-AABB-321164EBE930}.Debug|Any CPU.Build.0 = Debug|Any CPU
		{28CBC88D-C592-49C1-AABB-321164EBE930}.Release|Any CPU.ActiveCfg = Release|Any CPU
		{28CBC88D-C592-49C1-AABB-321164EBE930}.Release|Any CPU.Build.0 = Release|Any CPU
		{5205E55B-5416-4860-BFEB-540D02CD1C1F}.Debug|Any CPU.ActiveCfg = Debug|Any CPU
		{5205E55B-5416-4860-BFEB-540D02CD1C1F}.Debug|Any CPU.Build.0 = Debug|Any CPU
		{5205E55B-5416-4860-BFEB-540D02CD1C1F}.Release|Any CPU.ActiveCfg = Release|Any CPU
		{5205E55B-5416-4860-BFEB-540D02CD1C1F}.Release|Any CPU.Build.0 = Release|Any CPU
		{3D2AA0EC-11E6-44B5-8465-9F49C8354DA6}.Debug|Any CPU.ActiveCfg = Debug|Any CPU
		{3D2AA0EC-11E6-44B5-8465-9F49C8354DA6}.Debug|Any CPU.Build.0 = Debug|Any CPU
		{3D2AA0EC-11E6-44B5-8465-9F49C8354DA6}.Release|Any CPU.ActiveCfg = Release|Any CPU
		{3D2AA0EC-11E6-44B5-8465-9F49C8354DA6}.Release|Any CPU.Build.0 = Release|Any CPU
		{62034AFE-F97B-47EA-BC6F-4386BC20B806}.Debug|Any CPU.ActiveCfg = Debug|Any CPU
		{62034AFE-F97B-47EA-BC6F-4386BC20B806}.Debug|Any CPU.Build.0 = Debug|Any CPU
		{62034AFE-F97B-47EA-BC6F-4386BC20B806}.Release|Any CPU.ActiveCfg = Release|Any CPU
		{62034AFE-F97B-47EA-BC6F-4386BC20B806}.Release|Any CPU.Build.0 = Release|Any CPU
		{ECF72FD9-3AC3-410D-A8E4-C0CE64273A5C}.Debug|Any CPU.ActiveCfg = Debug|Any CPU
		{ECF72FD9-3AC3-410D-A8E4-C0CE64273A5C}.Debug|Any CPU.Build.0 = Debug|Any CPU
		{ECF72FD9-3AC3-410D-A8E4-C0CE64273A5C}.Debug|Any CPU.Deploy.0 = Debug|Any CPU
		{ECF72FD9-3AC3-410D-A8E4-C0CE64273A5C}.Release|Any CPU.ActiveCfg = Release|Any CPU
		{ECF72FD9-3AC3-410D-A8E4-C0CE64273A5C}.Release|Any CPU.Build.0 = Release|Any CPU
		{ECF72FD9-3AC3-410D-A8E4-C0CE64273A5C}.Release|Any CPU.Deploy.0 = Release|Any CPU
	EndGlobalSection
	GlobalSection(SolutionProperties) = preSolution
		HideSolutionNode = FALSE
	EndGlobalSection
	GlobalSection(NestedProjects) = preSolution
		{849F4637-1584-4D62-9270-305A47E757A7} = {53E4E0E3-D237-49F1-A4FE-11574529B62F}
		{42C425E6-72E6-4766-94CE-6039307BD06A} = {53E4E0E3-D237-49F1-A4FE-11574529B62F}
		{6A56FE0E-A985-4A5C-AEC1-3637E5EFEDC4} = {53E4E0E3-D237-49F1-A4FE-11574529B62F}
		{C648DADD-9605-4E7B-8142-C127D5690D73} = {53E4E0E3-D237-49F1-A4FE-11574529B62F}
		{87015C6A-237C-44E1-A00E-49BAA2A858E5} = {53E4E0E3-D237-49F1-A4FE-11574529B62F}
		{0A80FD5D-416E-4DE8-A45C-58FF7D041522} = {53E4E0E3-D237-49F1-A4FE-11574529B62F}
		{11750147-150E-4D34-AD8A-483E1ABE5B51} = {A76EE921-CFC6-4FFC-A90D-73B2CCE47EAD}
		{B32C3519-5627-46C0-8DEC-23E9535E50C4} = {A76EE921-CFC6-4FFC-A90D-73B2CCE47EAD}
		{8556BCFB-AAA3-40E5-AF4B-2213C512D3DB} = {A76EE921-CFC6-4FFC-A90D-73B2CCE47EAD}
		{3D3F842C-526B-4B59-95CC-A9D5FEF7DF17} = {A76EE921-CFC6-4FFC-A90D-73B2CCE47EAD}
		{7F0D4FD7-2CEA-40AB-95AB-F9BBFA6ADB69} = {A76EE921-CFC6-4FFC-A90D-73B2CCE47EAD}
		{3DF17C54-0E33-4A92-B5B8-1EFCE9DAA18A} = {A76EE921-CFC6-4FFC-A90D-73B2CCE47EAD}
		{F7741829-73CD-463B-AD6F-2919D952CECD} = {6E9808A3-8B16-40D3-8A42-872D6D2F2B32}
		{28CBC88D-C592-49C1-AABB-321164EBE930} = {6E9808A3-8B16-40D3-8A42-872D6D2F2B32}
		{5205E55B-5416-4860-BFEB-540D02CD1C1F} = {6E9808A3-8B16-40D3-8A42-872D6D2F2B32}
		{3D2AA0EC-11E6-44B5-8465-9F49C8354DA6} = {6E9808A3-8B16-40D3-8A42-872D6D2F2B32}
		{62034AFE-F97B-47EA-BC6F-4386BC20B806} = {6E9808A3-8B16-40D3-8A42-872D6D2F2B32}
		{ECF72FD9-3AC3-410D-A8E4-C0CE64273A5C} = {6E9808A3-8B16-40D3-8A42-872D6D2F2B32}
	EndGlobalSection
	GlobalSection(ExtensibilityGlobals) = postSolution
		SolutionGuid = {74AECDCF-F49F-4F28-A750-5FAB0CBB39ED}
	EndGlobalSection
EndGlobal
